
Microsoft Visual Studio Solution File, Format Version 12.00
# Visual Studio 14
VisualStudioVersion = 14.0.25420.1
MinimumVisualStudioVersion = 10.0.40219.1
Project("{8BC9CEB8-8B4A-11D0-8D11-00A0C91BC942}") = "PyraminxSchemeCV.Android", "PyraminxSchemeCV.Android\PyraminxSchemeCV.Android.vcxproj", "{77E959DE-041F-4634-BB73-4492F3B3BF0A}"
EndProject
Project("{8BC9CEB8-8B4A-11D0-8D11-00A0C91BC942}") = "PyraminxSchemeCV.Shared", "PyraminxSchemeCV.Shared\PyraminxSchemeCV.Shared.vcxitems", "{45D41ACC-2C3C-43D2-BC10-02AA73FFC7C7}"
EndProject
Project("{8BC9CEB8-8B4A-11D0-8D11-00A0C91BC942}") = "PyraminxSchemeCV.Windows", "PyraminxSchemeCV.Windows\PyraminxSchemeCV.Windows.vcxproj", "{BCAF472A-E467-46AF-8EAA-AA46D2B030CF}"
EndProject
Global
	GlobalSection(SharedMSBuildProjectFiles) = preSolution
		PyraminxSchemeCV.Shared\PyraminxSchemeCV.Shared.vcxitems*{45d41acc-2c3c-43d2-bc10-02aa73ffc7c7}*SharedItemsImports = 9
		PyraminxSchemeCV.Shared\PyraminxSchemeCV.Shared.vcxitems*{77e959de-041f-4634-bb73-4492f3b3bf0a}*SharedItemsImports = 4
		PyraminxSchemeCV.Shared\PyraminxSchemeCV.Shared.vcxitems*{bcaf472a-e467-46af-8eaa-aa46d2b030cf}*SharedItemsImports = 4
	EndGlobalSection
	GlobalSection(SolutionConfigurationPlatforms) = preSolution
		Debug|ARM = Debug|ARM
		Debug|ARM64 = Debug|ARM64
		Debug|x64 = Debug|x64
		Debug|x86 = Debug|x86
		Release|ARM = Release|ARM
		Release|ARM64 = Release|ARM64
		Release|x64 = Release|x64
		Release|x86 = Release|x86
	EndGlobalSection
	GlobalSection(ProjectConfigurationPlatforms) = postSolution
		{77E959DE-041F-4634-BB73-4492F3B3BF0A}.Debug|ARM.ActiveCfg = Debug|ARM
		{77E959DE-041F-4634-BB73-4492F3B3BF0A}.Debug|ARM.Build.0 = Debug|ARM
		{77E959DE-041F-4634-BB73-4492F3B3BF0A}.Debug|ARM64.ActiveCfg = Debug|ARM64
		{77E959DE-041F-4634-BB73-4492F3B3BF0A}.Debug|ARM64.Build.0 = Debug|ARM64
		{77E959DE-041F-4634-BB73-4492F3B3BF0A}.Debug|x64.ActiveCfg = Debug|x64
		{77E959DE-041F-4634-BB73-4492F3B3BF0A}.Debug|x64.Build.0 = Debug|x64
		{77E959DE-041F-4634-BB73-4492F3B3BF0A}.Debug|x86.ActiveCfg = Debug|x86
		{77E959DE-041F-4634-BB73-4492F3B3BF0A}.Debug|x86.Build.0 = Debug|x86
		{77E959DE-041F-4634-BB73-4492F3B3BF0A}.Release|ARM.ActiveCfg = Release|ARM
		{77E959DE-041F-4634-BB73-4492F3B3BF0A}.Release|ARM.Build.0 = Release|ARM
		{77E959DE-041F-4634-BB73-4492F3B3BF0A}.Release|ARM64.ActiveCfg = Release|ARM64
		{77E959DE-041F-4634-BB73-4492F3B3BF0A}.Release|ARM64.Build.0 = Release|ARM64
		{77E959DE-041F-4634-BB73-4492F3B3BF0A}.Release|x64.ActiveCfg = Release|x64
		{77E959DE-041F-4634-BB73-4492F3B3BF0A}.Release|x64.Build.0 = Release|x64
		{77E959DE-041F-4634-BB73-4492F3B3BF0A}.Release|x86.ActiveCfg = Release|x86
		{77E959DE-041F-4634-BB73-4492F3B3BF0A}.Release|x86.Build.0 = Release|x86
		{BCAF472A-E467-46AF-8EAA-AA46D2B030CF}.Debug|ARM.ActiveCfg = Debug|Win32
		{BCAF472A-E467-46AF-8EAA-AA46D2B030CF}.Debug|ARM64.ActiveCfg = Debug|Win32
		{BCAF472A-E467-46AF-8EAA-AA46D2B030CF}.Debug|x64.ActiveCfg = Debug|x64
		{BCAF472A-E467-46AF-8EAA-AA46D2B030CF}.Debug|x64.Build.0 = Debug|x64
		{BCAF472A-E467-46AF-8EAA-AA46D2B030CF}.Debug|x86.ActiveCfg = Debug|Win32
		{BCAF472A-E467-46AF-8EAA-AA46D2B030CF}.Debug|x86.Build.0 = Debug|Win32
		{BCAF472A-E467-46AF-8EAA-AA46D2B030CF}.Release|ARM.ActiveCfg = Release|Win32
		{BCAF472A-E467-46AF-8EAA-AA46D2B030CF}.Release|ARM64.ActiveCfg = Release|Win32
		{BCAF472A-E467-46AF-8EAA-AA46D2B030CF}.Release|x64.ActiveCfg = Release|x64
		{BCAF472A-E467-46AF-8EAA-AA46D2B030CF}.Release|x64.Build.0 = Release|x64
		{BCAF472A-E467-46AF-8EAA-AA46D2B030CF}.Release|x86.ActiveCfg = Release|Win32
		{BCAF472A-E467-46AF-8EAA-AA46D2B030CF}.Release|x86.Build.0 = Release|Win32
	EndGlobalSection
	GlobalSection(SolutionProperties) = preSolution
		HideSolutionNode = FALSE
	EndGlobalSection
EndGlobal
